
Microsoft Visual Studio Solution File, Format Version 12.00
# Visual Studio Version 17
VisualStudioVersion = 17.4.33205.214
MinimumVisualStudioVersion = 10.0.40219.1
Project("{FAE04EC0-301F-11D3-BF4B-00C04F79EFBC}") = "SGE", "SGE.csproj", "{9BBC1772-FC1B-40C1-820E-794E74078FC1}"
EndProject
Global
	GlobalSection(SolutionConfigurationPlatforms) = preSolution
		Debug|Any CPU = Debug|Any CPU
		Release|Any CPU = Release|Any CPU
	EndGlobalSection
	GlobalSection(ProjectConfigurationPlatforms) = postSolution
		{9BBC1772-FC1B-40C1-820E-794E74078FC1}.Debug|Any CPU.ActiveCfg = Debug|Any CPU
		{9BBC1772-FC1B-40C1-820E-794E74078FC1}.Debug|Any CPU.Build.0 = Debug|Any CPU
		{9BBC1772-FC1B-40C1-820E-794E74078FC1}.Release|Any CPU.ActiveCfg = Release|Any CPU
		{9BBC1772-FC1B-40C1-820E-794E74078FC1}.Release|Any CPU.Build.0 = Release|Any CPU
	EndGlobalSection
	GlobalSection(SolutionProperties) = preSolution
		HideSolutionNode = FALSE
	EndGlobalSection
	GlobalSection(ExtensibilityGlobals) = postSolution
		SolutionGuid = {F86D61F8-08A0-4658-B837-B8797F775806}
	EndGlobalSection
EndGlobal
